{
  "version": 4,
  "terraform_version": "1.3.7",
  "serial": 604,
  "lineage": "7c80c249-ba18-c763-f334-4798b4764275",
  "outputs": {
    "linux_vm_domainnames": {
      "value": [
        "linux-1514-1.eastus.cloudapp.azure.com",
        "linux-1514-2.eastus.cloudapp.azure.com"
      ],
      "type": [
        "tuple",
        [
          "string",
          "string"
        ]
      ]
    },
    "linux_vm_hostnames": {
      "value": [
        "linux-1514-1",
        "linux-1514-2"
      ],
      "type": [
        "tuple",
        [
          "string",
          "string"
        ]
      ]
    },
    "linux_vm_private_ips": {
      "value": [
        "10.0.1.6",
        "10.0.1.5"
      ],
      "type": [
        "tuple",
        [
          "string",
          "string"
        ]
      ]
    },
    "linux_vm_public_ips": {
      "value": [
        "4.227.198.167",
        "172.173.231.253"
      ],
      "type": [
        "tuple",
        [
          "string",
          "string"
        ]
      ]
    },
    "load_balancer_FQDN": {
      "value": "load-balancer1514.eastus.cloudapp.azure.com",
      "type": "string"
    },
    "load_balancer_name": {
      "value": "load-balancer1514",
      "type": "string"
    },
    "location": {
      "value": "eastus",
      "type": "string"
    },
    "log_analytics_workspace_name": {
      "value": "log-analytics-workspace-1514",
      "type": "string"
    },
    "recovery_svc_vault_name": {
      "value": "recovery-service-vault-1514",
      "type": "string"
    },
    "rg_name": {
      "value": "1514-assignment1-RG",
      "type": "string"
    },
    "storage_account_blob_endpoint": {
      "value": "https://storageaccountn1514.blob.core.windows.net/",
      "type": "string"
    },
    "storage_account_name": {
      "value": "storageaccountn1514",
      "type": "string"
    },
    "subnet_name": {
      "value": "subnet-1514",
      "type": "string"
    },
    "vnet_name": {
      "value": "vnet_1514",
      "type": "string"
    },
    "win_rm_public_ip": {
      "value": "20.124.29.86",
      "type": "string"
    },
    "win_vm_domainnames": {
      "value": "window1514.eastus.cloudapp.azure.com",
      "type": "string"
    },
    "win_vm_hostname": {
      "value": "window1514-vm",
      "type": "string"
    },
    "win_vm_private_ip": {
      "value": "10.0.1.4",
      "type": "string"
    }
  },
  "resources": [
    {
      "module": "module.common",
      "mode": "managed",
      "type": "azurerm_log_analytics_workspace",
      "name": "log_analytics_workspace",
      "provider": "provider[\"registry.terraform.io/hashicorp/azurerm\"]",
      "instances": [
        {
          "schema_version": 2,
          "attributes": {
            "allow_resource_only_permissions": true,
            "cmk_for_query_forced": false,
            "daily_quota_gb": -1,
            "id": "/subscriptions/850fc881-5d66-4a3b-b5c0-9e6cbbabe254/resourceGroups/1514-assignment1-RG/providers/Microsoft.OperationalInsights/workspaces/log-analytics-workspace-1514",
            "internet_ingestion_enabled": true,
            "internet_query_enabled": true,
            "location": "eastus",
            "name": "log-analytics-workspace-1514",
            "primary_shared_key": "uAEKhZIyi14c8DQLiWRTMNTd8U+mlVeQV54ARsL2rpJN5geFnKT7XFDw0UOf5k7CADSQeFhzQtXaZhJrqYzHFQ==",
            "reservation_capacity_in_gb_per_day": null,
            "resource_group_name": "1514-assignment1-RG",
            "retention_in_days": 30,
            "secondary_shared_key": "uDasFUVIOxxBu1AWIYwDSYn7wCCMSerRAz3fx/WvuIwyPidkDzvM3OGw9ZqMLC3j1DLzK3k05F4PB+xwhwoWpw==",
            "sku": "PerGB2018",
            "tags": {
              "Environment": "Lab",
              "ExpirationDate": "2022-08-20",
              "Name": "Chirag.Patel",
              "Project": "Automation Project – Assignment 2"
            },
            "timeouts": null,
            "workspace_id": "ed4c9578-8713-4cdd-bd7f-5975d5ba1736"
          },
          "sensitive_attributes": [],
          "private": "eyJlMmJmYjczMC1lY2FhLTExZTYtOGY4OC0zNDM2M2JjN2M0YzAiOnsiY3JlYXRlIjoxODAwMDAwMDAwMDAwLCJkZWxldGUiOjE4MDAwMDAwMDAwMDAsInJlYWQiOjMwMDAwMDAwMDAwMCwidXBkYXRlIjoxODAwMDAwMDAwMDAwfSwic2NoZW1hX3ZlcnNpb24iOiIyIn0=",
          "dependencies": [
            "module.rgroup.azurerm_resource_group.resource_grp"
          ]
        }
      ]
    },
    {
      "module": "module.common",
      "mode": "managed",
      "type": "azurerm_recovery_services_vault",
      "name": "recovery_svc_vault",
      "provider": "provider[\"registry.terraform.io/hashicorp/azurerm\"]",
      "instances": [
        {
          "schema_version": 0,
          "attributes": {
            "cross_region_restore_enabled": false,
            "encryption": [],
            "id": "/subscriptions/850fc881-5d66-4a3b-b5c0-9e6cbbabe254/resourceGroups/1514-assignment1-RG/providers/Microsoft.RecoveryServices/vaults/recovery-service-vault-1514",
            "identity": [],
            "location": "eastus",
            "name": "recovery-service-vault-1514",
            "resource_group_name": "1514-assignment1-RG",
            "sku": "Standard",
            "soft_delete_enabled": true,
            "storage_mode_type": "LocallyRedundant",
            "tags": {
              "Environment": "Lab",
              "ExpirationDate": "2022-08-20",
              "Name": "Chirag.Patel",
              "Project": "Automation Project – Assignment 2"
            },
            "timeouts": null
          },
          "sensitive_attributes": [],
          "private": "eyJlMmJmYjczMC1lY2FhLTExZTYtOGY4OC0zNDM2M2JjN2M0YzAiOnsiY3JlYXRlIjozNjAwMDAwMDAwMDAwLCJkZWxldGUiOjE4MDAwMDAwMDAwMDAsInJlYWQiOjMwMDAwMDAwMDAwMCwidXBkYXRlIjozNjAwMDAwMDAwMDAwfX0=",
          "dependencies": [
            "module.rgroup.azurerm_resource_group.resource_grp"
          ]
        }
      ]
    },
    {
      "module": "module.common",
      "mode": "managed",
      "type": "azurerm_storage_account",
      "name": "storage_account",
      "provider": "provider[\"registry.terraform.io/hashicorp/azurerm\"]",
      "instances": [
        {
          "schema_version": 3,
          "attributes": {
            "access_tier": "Hot",
            "account_kind": "StorageV2",
            "account_replication_type": "LRS",
            "account_tier": "Standard",
            "allow_nested_items_to_be_public": true,
            "allowed_copy_scope": "",
            "azure_files_authentication": [],
            "blob_properties": [
              {
                "change_feed_enabled": false,
                "change_feed_retention_in_days": 0,
                "container_delete_retention_policy": [],
                "cors_rule": [],
                "default_service_version": "",
                "delete_retention_policy": [],
                "last_access_time_enabled": false,
                "restore_policy": [],
                "versioning_enabled": false
              }
            ],
            "cross_tenant_replication_enabled": true,
            "custom_domain": [],
            "customer_managed_key": [],
            "default_to_oauth_authentication": false,
            "edge_zone": "",
            "enable_https_traffic_only": true,
            "id": "/subscriptions/850fc881-5d66-4a3b-b5c0-9e6cbbabe254/resourceGroups/1514-assignment1-RG/providers/Microsoft.Storage/storageAccounts/storageaccountn1514",
            "identity": [],
            "immutability_policy": [],
            "infrastructure_encryption_enabled": false,
            "is_hns_enabled": false,
            "large_file_share_enabled": null,
            "location": "eastus",
            "min_tls_version": "TLS1_2",
            "name": "storageaccountn1514",
            "network_rules": [
              {
                "bypass": [
                  "AzureServices"
                ],
                "default_action": "Allow",
                "ip_rules": [],
                "private_link_access": [],
                "virtual_network_subnet_ids": []
              }
            ],
            "nfsv3_enabled": false,
            "primary_access_key": "KD3sKLHPa8lHXFacjqJHgRnF8kZkkyXMnJ0Nqm9qyNO6aX6ICdiTyMiqwpjpb5aZLPnU8rzWEkxZ+ASttokRnA==",
            "primary_blob_connection_string": "DefaultEndpointsProtocol=https;BlobEndpoint=https://storageaccountn1514.blob.core.windows.net/;AccountName=storageaccountn1514;AccountKey=KD3sKLHPa8lHXFacjqJHgRnF8kZkkyXMnJ0Nqm9qyNO6aX6ICdiTyMiqwpjpb5aZLPnU8rzWEkxZ+ASttokRnA==",
            "primary_blob_endpoint": "https://storageaccountn1514.blob.core.windows.net/",
            "primary_blob_host": "storageaccountn1514.blob.core.windows.net",
            "primary_connection_string": "DefaultEndpointsProtocol=https;AccountName=storageaccountn1514;AccountKey=KD3sKLHPa8lHXFacjqJHgRnF8kZkkyXMnJ0Nqm9qyNO6aX6ICdiTyMiqwpjpb5aZLPnU8rzWEkxZ+ASttokRnA==;EndpointSuffix=core.windows.net",
            "primary_dfs_endpoint": "https://storageaccountn1514.dfs.core.windows.net/",
            "primary_dfs_host": "storageaccountn1514.dfs.core.windows.net",
            "primary_file_endpoint": "https://storageaccountn1514.file.core.windows.net/",
            "primary_file_host": "storageaccountn1514.file.core.windows.net",
            "primary_location": "eastus",
            "primary_queue_endpoint": "https://storageaccountn1514.queue.core.windows.net/",
            "primary_queue_host": "storageaccountn1514.queue.core.windows.net",
            "primary_table_endpoint": "https://storageaccountn1514.table.core.windows.net/",
            "primary_table_host": "storageaccountn1514.table.core.windows.net",
            "primary_web_endpoint": "https://storageaccountn1514.z13.web.core.windows.net/",
            "primary_web_host": "storageaccountn1514.z13.web.core.windows.net",
            "public_network_access_enabled": true,
            "queue_encryption_key_type": "Service",
            "queue_properties": [
              {
                "cors_rule": [],
                "hour_metrics": [
                  {
                    "enabled": true,
                    "include_apis": true,
                    "retention_policy_days": 7,
                    "version": "1.0"
                  }
                ],
                "logging": [
                  {
                    "delete": false,
                    "read": false,
                    "retention_policy_days": 0,
                    "version": "1.0",
                    "write": false
                  }
                ],
                "minute_metrics": [
                  {
                    "enabled": false,
                    "include_apis": false,
                    "retention_policy_days": 0,
                    "version": "1.0"
                  }
                ]
              }
            ],
            "resource_group_name": "1514-assignment1-RG",
            "routing": [],
            "sas_policy": [],
            "secondary_access_key": "wq+6g8HhXOLPTerHQhoUAzzjcG/UgcVFJwUCz3MpBecxMzMA9sK6MIKTF6xjPk54DKn+IbUVZkMq+ASt++oqHQ==",
            "secondary_blob_connection_string": "",
            "secondary_blob_endpoint": null,
            "secondary_blob_host": null,
            "secondary_connection_string": "DefaultEndpointsProtocol=https;AccountName=storageaccountn1514;AccountKey=wq+6g8HhXOLPTerHQhoUAzzjcG/UgcVFJwUCz3MpBecxMzMA9sK6MIKTF6xjPk54DKn+IbUVZkMq+ASt++oqHQ==;EndpointSuffix=core.windows.net",
            "secondary_dfs_endpoint": null,
            "secondary_dfs_host": null,
            "secondary_file_endpoint": null,
            "secondary_file_host": null,
            "secondary_location": "",
            "secondary_queue_endpoint": null,
            "secondary_queue_host": null,
            "secondary_table_endpoint": null,
            "secondary_table_host": null,
            "secondary_web_endpoint": null,
            "secondary_web_host": null,
            "sftp_enabled": false,
            "share_properties": [
              {
                "cors_rule": [],
                "retention_policy": [
                  {
                    "days": 7
                  }
                ],
                "smb": []
              }
            ],
            "shared_access_key_enabled": true,
            "static_website": [],
            "table_encryption_key_type": "Service",
            "tags": {
              "Environment": "Lab",
              "ExpirationDate": "2022-08-20",
              "Name": "Chirag.Patel",
              "Project": "Automation Project – Assignment 2"
            },
            "timeouts": null
          },
          "sensitive_attributes": [],
          "private": "eyJlMmJmYjczMC1lY2FhLTExZTYtOGY4OC0zNDM2M2JjN2M0YzAiOnsiY3JlYXRlIjozNjAwMDAwMDAwMDAwLCJkZWxldGUiOjM2MDAwMDAwMDAwMDAsInJlYWQiOjMwMDAwMDAwMDAwMCwidXBkYXRlIjozNjAwMDAwMDAwMDAwfSwic2NoZW1hX3ZlcnNpb24iOiIzIn0=",
          "dependencies": [
            "module.rgroup.azurerm_resource_group.resource_grp"
          ]
        }
      ]
    },
    {
      "module": "module.database",
      "mode": "managed",
      "type": "azurerm_postgresql_server",
      "name": "postgres_server",
      "provider": "provider[\"registry.terraform.io/hashicorp/azurerm\"]",
      "instances": [
        {
          "schema_version": 1,
          "attributes": {
            "administrator_login": "Chiragn01561514",
            "administrator_login_password": null,
            "auto_grow_enabled": true,
            "backup_retention_days": 7,
            "create_mode": "Default",
            "creation_source_server_id": null,
            "fqdn": "postgres-1514-server.postgres.database.azure.com",
            "geo_redundant_backup_enabled": false,
            "id": "/subscriptions/850fc881-5d66-4a3b-b5c0-9e6cbbabe254/resourceGroups/1514-assignment1-RG/providers/Microsoft.DBforPostgreSQL/servers/postgres-1514-server",
            "identity": [],
            "infrastructure_encryption_enabled": false,
            "location": "eastus",
            "name": "postgres-1514-server",
            "public_network_access_enabled": true,
            "resource_group_name": "1514-assignment1-RG",
            "restore_point_in_time": null,
            "sku_name": "B_Gen5_1",
            "ssl_enforcement_enabled": true,
            "ssl_minimal_tls_version_enforced": "TLS1_2",
            "storage_mb": 5120,
            "tags": {
              "Environment": "Lab",
              "ExpirationDate": "2022-08-20",
              "Name": "Chirag.Patel",
              "Project": "Automation Project – Assignment 2"
            },
            "threat_detection_policy": [],
            "timeouts": {
              "create": null,
              "delete": null,
              "read": null,
              "update": null
            },
            "version": "11"
          },
          "sensitive_attributes": [],
          "private": "eyJlMmJmYjczMC1lY2FhLTExZTYtOGY4OC0zNDM2M2JjN2M0YzAiOnsiY3JlYXRlIjozNjAwMDAwMDAwMDAwLCJkZWxldGUiOjM2MDAwMDAwMDAwMDAsInJlYWQiOjMwMDAwMDAwMDAwMCwidXBkYXRlIjozNjAwMDAwMDAwMDAwfSwic2NoZW1hX3ZlcnNpb24iOiIxIn0="
        }
      ]
    },
    {
      "module": "module.datadisk",
      "mode": "managed",
      "type": "azurerm_managed_disk",
      "name": "data_disk",
      "provider": "provider[\"registry.terraform.io/hashicorp/azurerm\"]",
      "instances": [
        {
          "index_key": 0,
          "schema_version": 1,
          "attributes": {
            "create_option": "Empty",
            "disk_access_id": "",
            "disk_encryption_set_id": "",
            "disk_iops_read_only": 0,
            "disk_iops_read_write": 500,
            "disk_mbps_read_only": 0,
            "disk_mbps_read_write": 60,
            "disk_size_gb": 10,
            "edge_zone": "",
            "encryption_settings": [],
            "gallery_image_reference_id": "",
            "hyper_v_generation": "",
            "id": "/subscriptions/850fc881-5d66-4a3b-b5c0-9e6cbbabe254/resourceGroups/1514-assignment1-RG/providers/Microsoft.Compute/disks/data_disk1514-data-disk-1",
            "image_reference_id": "",
            "location": "eastus",
            "logical_sector_size": null,
            "max_shares": 0,
            "name": "data_disk1514-data-disk-1",
            "network_access_policy": null,
            "on_demand_bursting_enabled": false,
            "os_type": "",
            "public_network_access_enabled": true,
            "resource_group_name": "1514-assignment1-RG",
            "secure_vm_disk_encryption_set_id": "",
            "security_type": "",
            "source_resource_id": "",
            "source_uri": "",
            "storage_account_id": "",
            "storage_account_type": "Standard_LRS",
            "tags": {
              "Environment": "Lab",
              "ExpirationDate": "2022-08-20",
              "Name": "Chirag.Patel",
              "Project": "Automation Project – Assignment 2"
            },
            "tier": "",
            "timeouts": null,
            "trusted_launch_enabled": false,
            "upload_size_bytes": 0,
            "zone": ""
          },
          "sensitive_attributes": [],
          "private": "eyJlMmJmYjczMC1lY2FhLTExZTYtOGY4OC0zNDM2M2JjN2M0YzAiOnsiY3JlYXRlIjoxODAwMDAwMDAwMDAwLCJkZWxldGUiOjE4MDAwMDAwMDAwMDAsInJlYWQiOjMwMDAwMDAwMDAwMCwidXBkYXRlIjoxODAwMDAwMDAwMDAwfSwic2NoZW1hX3ZlcnNpb24iOiIxIn0=",
          "dependencies": [
            "module.rgroup.azurerm_resource_group.resource_grp"
          ]
        },
        {
          "index_key": 1,
          "schema_version": 1,
          "attributes": {
            "create_option": "Empty",
            "disk_access_id": "",
            "disk_encryption_set_id": "",
            "disk_iops_read_only": 0,
            "disk_iops_read_write": 500,
            "disk_mbps_read_only": 0,
            "disk_mbps_read_write": 60,
            "disk_size_gb": 10,
            "edge_zone": "",
            "encryption_settings": [],
            "gallery_image_reference_id": "",
            "hyper_v_generation": "",
            "id": "/subscriptions/850fc881-5d66-4a3b-b5c0-9e6cbbabe254/resourceGroups/1514-assignment1-RG/providers/Microsoft.Compute/disks/data_disk1514-data-disk-2",
            "image_reference_id": "",
            "location": "eastus",
            "logical_sector_size": null,
            "max_shares": 0,
            "name": "data_disk1514-data-disk-2",
            "network_access_policy": null,
            "on_demand_bursting_enabled": false,
            "os_type": "",
            "public_network_access_enabled": true,
            "resource_group_name": "1514-assignment1-RG",
            "secure_vm_disk_encryption_set_id": "",
            "security_type": "",
            "source_resource_id": "",
            "source_uri": "",
            "storage_account_id": "",
            "storage_account_type": "Standard_LRS",
            "tags": {
              "Environment": "Lab",
              "ExpirationDate": "2022-08-20",
              "Name": "Chirag.Patel",
              "Project": "Automation Project – Assignment 2"
            },
            "tier": "",
            "timeouts": null,
            "trusted_launch_enabled": false,
            "upload_size_bytes": 0,
            "zone": ""
          },
          "sensitive_attributes": [],
          "private": "eyJlMmJmYjczMC1lY2FhLTExZTYtOGY4OC0zNDM2M2JjN2M0YzAiOnsiY3JlYXRlIjoxODAwMDAwMDAwMDAwLCJkZWxldGUiOjE4MDAwMDAwMDAwMDAsInJlYWQiOjMwMDAwMDAwMDAwMCwidXBkYXRlIjoxODAwMDAwMDAwMDAwfSwic2NoZW1hX3ZlcnNpb24iOiIxIn0=",
          "dependencies": [
            "module.rgroup.azurerm_resource_group.resource_grp"
          ]
        },
        {
          "index_key": 2,
          "schema_version": 1,
          "attributes": {
            "create_option": "Empty",
            "disk_access_id": "",
            "disk_encryption_set_id": "",
            "disk_iops_read_only": 0,
            "disk_iops_read_write": 500,
            "disk_mbps_read_only": 0,
            "disk_mbps_read_write": 60,
            "disk_size_gb": 10,
            "edge_zone": "",
            "encryption_settings": [],
            "gallery_image_reference_id": "",
            "hyper_v_generation": "",
            "id": "/subscriptions/850fc881-5d66-4a3b-b5c0-9e6cbbabe254/resourceGroups/1514-assignment1-RG/providers/Microsoft.Compute/disks/data_disk1514-data-disk-3",
            "image_reference_id": "",
            "location": "eastus",
            "logical_sector_size": null,
            "max_shares": 0,
            "name": "data_disk1514-data-disk-3",
            "network_access_policy": null,
            "on_demand_bursting_enabled": false,
            "os_type": "",
            "public_network_access_enabled": true,
            "resource_group_name": "1514-assignment1-RG",
            "secure_vm_disk_encryption_set_id": "",
            "security_type": "",
            "source_resource_id": "",
            "source_uri": "",
            "storage_account_id": "",
            "storage_account_type": "Standard_LRS",
            "tags": {
              "Environment": "Lab",
              "ExpirationDate": "2022-08-20",
              "Name": "Chirag.Patel",
              "Project": "Automation Project – Assignment 2"
            },
            "tier": "",
            "timeouts": null,
            "trusted_launch_enabled": false,
            "upload_size_bytes": 0,
            "zone": ""
          },
          "sensitive_attributes": [],
          "private": "eyJlMmJmYjczMC1lY2FhLTExZTYtOGY4OC0zNDM2M2JjN2M0YzAiOnsiY3JlYXRlIjoxODAwMDAwMDAwMDAwLCJkZWxldGUiOjE4MDAwMDAwMDAwMDAsInJlYWQiOjMwMDAwMDAwMDAwMCwidXBkYXRlIjoxODAwMDAwMDAwMDAwfSwic2NoZW1hX3ZlcnNpb24iOiIxIn0=",
          "dependencies": [
            "module.rgroup.azurerm_resource_group.resource_grp"
          ]
        }
      ]
    },
    {
      "module": "module.datadisk",
      "mode": "managed",
      "type": "azurerm_virtual_machine_data_disk_attachment",
      "name": "data_disk_attachment",
      "provider": "provider[\"registry.terraform.io/hashicorp/azurerm\"]",
      "instances": [
        {
          "index_key": 0,
          "schema_version": 0,
          "attributes": {
            "caching": "None",
            "create_option": "Attach",
            "id": "/subscriptions/850fc881-5d66-4a3b-b5c0-9e6cbbabe254/resourceGroups/1514-assignment1-RG/providers/Microsoft.Compute/virtualMachines/linux-1514-2/dataDisks/data_disk1514-data-disk-2",
            "lun": 0,
            "managed_disk_id": "/subscriptions/850fc881-5d66-4a3b-b5c0-9e6cbbabe254/resourceGroups/1514-assignment1-RG/providers/Microsoft.Compute/disks/data_disk1514-data-disk-2",
            "timeouts": null,
            "virtual_machine_id": "/subscriptions/850fc881-5d66-4a3b-b5c0-9e6cbbabe254/resourceGroups/1514-assignment1-RG/providers/Microsoft.Compute/virtualMachines/linux-1514-2",
            "write_accelerator_enabled": false
          },
          "sensitive_attributes": [],
          "private": "eyJlMmJmYjczMC1lY2FhLTExZTYtOGY4OC0zNDM2M2JjN2M0YzAiOnsiY3JlYXRlIjoxODAwMDAwMDAwMDAwLCJkZWxldGUiOjE4MDAwMDAwMDAwMDAsInJlYWQiOjMwMDAwMDAwMDAwMCwidXBkYXRlIjoxODAwMDAwMDAwMDAwfX0=",
          "dependencies": [
            "module.common.azurerm_storage_account.storage_account",
            "module.datadisk.azurerm_managed_disk.data_disk",
            "module.rgroup.azurerm_resource_group.resource_grp",
            "module.vmlinux.azurerm_availability_set.linux_avs",
            "module.vmlinux.azurerm_linux_virtual_machine.linux_vm",
            "module.vmlinux.azurerm_network_interface.network_interface",
            "module.vmwindows.azurerm_windows_virtual_machine.windows_vm"
          ]
        },
        {
          "index_key": 1,
          "schema_version": 0,
          "attributes": {
            "caching": "None",
            "create_option": "Attach",
            "id": "/subscriptions/850fc881-5d66-4a3b-b5c0-9e6cbbabe254/resourceGroups/1514-assignment1-RG/providers/Microsoft.Compute/virtualMachines/window1514-vm/dataDisks/data_disk1514-data-disk-3",
            "lun": 0,
            "managed_disk_id": "/subscriptions/850fc881-5d66-4a3b-b5c0-9e6cbbabe254/resourceGroups/1514-assignment1-RG/providers/Microsoft.Compute/disks/data_disk1514-data-disk-3",
            "timeouts": {
              "create": null,
              "delete": null,
              "read": null,
              "update": null
            },
            "virtual_machine_id": "/subscriptions/850fc881-5d66-4a3b-b5c0-9e6cbbabe254/resourceGroups/1514-assignment1-RG/providers/Microsoft.Compute/virtualMachines/window1514-vm",
            "write_accelerator_enabled": false
          },
          "sensitive_attributes": [],
          "private": "eyJlMmJmYjczMC1lY2FhLTExZTYtOGY4OC0zNDM2M2JjN2M0YzAiOnsiY3JlYXRlIjoxODAwMDAwMDAwMDAwLCJkZWxldGUiOjE4MDAwMDAwMDAwMDAsInJlYWQiOjMwMDAwMDAwMDAwMCwidXBkYXRlIjoxODAwMDAwMDAwMDAwfSwic2NoZW1hX3ZlcnNpb24iOiIwIn0="
        },
        {
          "index_key": 2,
          "schema_version": 0,
          "attributes": {
            "caching": "None",
            "create_option": "Attach",
            "id": "/subscriptions/850fc881-5d66-4a3b-b5c0-9e6cbbabe254/resourceGroups/1514-assignment1-RG/providers/Microsoft.Compute/virtualMachines/linux-1514-1/dataDisks/data_disk1514-data-disk-1",
            "lun": 0,
            "managed_disk_id": "/subscriptions/850fc881-5d66-4a3b-b5c0-9e6cbbabe254/resourceGroups/1514-assignment1-RG/providers/Microsoft.Compute/disks/data_disk1514-data-disk-1",
            "timeouts": null,
            "virtual_machine_id": "/subscriptions/850fc881-5d66-4a3b-b5c0-9e6cbbabe254/resourceGroups/1514-assignment1-RG/providers/Microsoft.Compute/virtualMachines/linux-1514-1",
            "write_accelerator_enabled": false
          },
          "sensitive_attributes": [],
          "private": "eyJlMmJmYjczMC1lY2FhLTExZTYtOGY4OC0zNDM2M2JjN2M0YzAiOnsiY3JlYXRlIjoxODAwMDAwMDAwMDAwLCJkZWxldGUiOjE4MDAwMDAwMDAwMDAsInJlYWQiOjMwMDAwMDAwMDAwMCwidXBkYXRlIjoxODAwMDAwMDAwMDAwfX0=",
          "dependencies": [
            "module.common.azurerm_storage_account.storage_account",
            "module.datadisk.azurerm_managed_disk.data_disk",
            "module.rgroup.azurerm_resource_group.resource_grp",
            "module.vmlinux.azurerm_availability_set.linux_avs",
            "module.vmlinux.azurerm_linux_virtual_machine.linux_vm",
            "module.vmlinux.azurerm_network_interface.network_interface",
            "module.vmwindows.azurerm_windows_virtual_machine.windows_vm"
          ]
        }
      ]
    },
    {
      "module": "module.loadbalancer",
      "mode": "managed",
      "type": "azurerm_lb",
      "name": "load_balancer",
      "provider": "provider[\"registry.terraform.io/hashicorp/azurerm\"]",
      "instances": [
        {
          "schema_version": 0,
          "attributes": {
            "edge_zone": "",
            "frontend_ip_configuration": [
              {
                "gateway_load_balancer_frontend_ip_configuration_id": "",
                "id": "/subscriptions/850fc881-5d66-4a3b-b5c0-9e6cbbabe254/resourceGroups/1514-assignment1-RG/providers/Microsoft.Network/loadBalancers/load-balancer1514/frontendIPConfigurations/load-balancer1514-FrontEndIP",
                "inbound_nat_rules": [],
                "load_balancer_rules": [
                  "/subscriptions/850fc881-5d66-4a3b-b5c0-9e6cbbabe254/resourceGroups/1514-assignment1-RG/providers/Microsoft.Network/loadBalancers/load-balancer1514/loadBalancingRules/load-balancer1514-Rule"
                ],
                "name": "load-balancer1514-FrontEndIP",
                "outbound_rules": [],
                "private_ip_address": "",
                "private_ip_address_allocation": "Dynamic",
                "private_ip_address_version": "",
                "public_ip_address_id": "/subscriptions/850fc881-5d66-4a3b-b5c0-9e6cbbabe254/resourceGroups/1514-assignment1-RG/providers/Microsoft.Network/publicIPAddresses/load-balancer1514-PublicIP",
                "public_ip_prefix_id": "",
                "subnet_id": "",
                "zones": []
              }
            ],
            "id": "/subscriptions/850fc881-5d66-4a3b-b5c0-9e6cbbabe254/resourceGroups/1514-assignment1-RG/providers/Microsoft.Network/loadBalancers/load-balancer1514",
            "location": "eastus",
            "name": "load-balancer1514",
            "private_ip_address": "",
            "private_ip_addresses": [],
            "resource_group_name": "1514-assignment1-RG",
            "sku": "Basic",
            "sku_tier": "Regional",
            "tags": {
              "Environment": "Lab",
              "ExpirationDate": "2022-08-20",
              "Name": "Chirag.Patel",
              "Project": "Automation Project – Assignment 2"
            },
            "timeouts": null
          },
          "sensitive_attributes": [],
          "private": "eyJlMmJmYjczMC1lY2FhLTExZTYtOGY4OC0zNDM2M2JjN2M0YzAiOnsiY3JlYXRlIjoxODAwMDAwMDAwMDAwLCJkZWxldGUiOjE4MDAwMDAwMDAwMDAsInJlYWQiOjMwMDAwMDAwMDAwMCwidXBkYXRlIjoxODAwMDAwMDAwMDAwfX0=",
          "dependencies": [
            "module.loadbalancer.azurerm_public_ip.lb_frontend_pip",
            "module.rgroup.azurerm_resource_group.resource_grp"
          ]
        }
      ]
    },
    {
      "module": "module.loadbalancer",
      "mode": "managed",
      "type": "azurerm_lb_backend_address_pool",
      "name": "lb_backend_add_pool",
      "provider": "provider[\"registry.terraform.io/hashicorp/azurerm\"]",
      "instances": [
        {
          "schema_version": 0,
          "attributes": {
            "backend_ip_configurations": [
              "/subscriptions/850fc881-5d66-4a3b-b5c0-9e6cbbabe254/resourceGroups/1514-assignment1-RG/providers/Microsoft.Network/networkInterfaces/linux-1514-nic-1/ipConfigurations/linux-1514-ip-1",
              "/subscriptions/850fc881-5d66-4a3b-b5c0-9e6cbbabe254/resourceGroups/1514-assignment1-RG/providers/Microsoft.Network/networkInterfaces/linux-1514-nic-2/ipConfigurations/linux-1514-ip-2"
            ],
            "id": "/subscriptions/850fc881-5d66-4a3b-b5c0-9e6cbbabe254/resourceGroups/1514-assignment1-RG/providers/Microsoft.Network/loadBalancers/load-balancer1514/backendAddressPools/load-balancer1514-BackEndAddressPool",
            "inbound_nat_rules": [],
            "load_balancing_rules": [
              "/subscriptions/850fc881-5d66-4a3b-b5c0-9e6cbbabe254/resourceGroups/1514-assignment1-RG/providers/Microsoft.Network/loadBalancers/load-balancer1514/loadBalancingRules/load-balancer1514-Rule"
            ],
            "loadbalancer_id": "/subscriptions/850fc881-5d66-4a3b-b5c0-9e6cbbabe254/resourceGroups/1514-assignment1-RG/providers/Microsoft.Network/loadBalancers/load-balancer1514",
            "name": "load-balancer1514-BackEndAddressPool",
            "outbound_rules": [],
            "timeouts": null,
            "tunnel_interface": []
          },
          "sensitive_attributes": [],
          "private": "eyJlMmJmYjczMC1lY2FhLTExZTYtOGY4OC0zNDM2M2JjN2M0YzAiOnsiY3JlYXRlIjoxODAwMDAwMDAwMDAwLCJkZWxldGUiOjE4MDAwMDAwMDAwMDAsInJlYWQiOjMwMDAwMDAwMDAwMCwidXBkYXRlIjoxODAwMDAwMDAwMDAwfX0=",
          "dependencies": [
            "module.loadbalancer.azurerm_lb.load_balancer",
            "module.loadbalancer.azurerm_public_ip.lb_frontend_pip",
            "module.rgroup.azurerm_resource_group.resource_grp"
          ]
        }
      ]
    },
    {
      "module": "module.loadbalancer",
      "mode": "managed",
      "type": "azurerm_lb_probe",
      "name": "load_balancer_probe",
      "provider": "provider[\"registry.terraform.io/hashicorp/azurerm\"]",
      "instances": [
        {
          "schema_version": 0,
          "attributes": {
            "id": "/subscriptions/850fc881-5d66-4a3b-b5c0-9e6cbbabe254/resourceGroups/1514-assignment1-RG/providers/Microsoft.Network/loadBalancers/load-balancer1514/probes/load-balancer1514-Probe",
            "interval_in_seconds": 15,
            "load_balancer_rules": [],
            "loadbalancer_id": "/subscriptions/850fc881-5d66-4a3b-b5c0-9e6cbbabe254/resourceGroups/1514-assignment1-RG/providers/Microsoft.Network/loadBalancers/load-balancer1514",
            "name": "load-balancer1514-Probe",
            "number_of_probes": 2,
            "port": 22,
            "probe_threshold": 1,
            "protocol": "Tcp",
            "request_path": "",
            "timeouts": null
          },
          "sensitive_attributes": [],
          "private": "eyJlMmJmYjczMC1lY2FhLTExZTYtOGY4OC0zNDM2M2JjN2M0YzAiOnsiY3JlYXRlIjoxODAwMDAwMDAwMDAwLCJkZWxldGUiOjE4MDAwMDAwMDAwMDAsInJlYWQiOjMwMDAwMDAwMDAwMCwidXBkYXRlIjoxODAwMDAwMDAwMDAwfX0=",
          "dependencies": [
            "module.loadbalancer.azurerm_lb.load_balancer",
            "module.loadbalancer.azurerm_public_ip.lb_frontend_pip",
            "module.rgroup.azurerm_resource_group.resource_grp"
          ]
        }
      ]
    },
    {
      "module": "module.loadbalancer",
      "mode": "managed",
      "type": "azurerm_lb_rule",
      "name": "load_balancer_rule",
      "provider": "provider[\"registry.terraform.io/hashicorp/azurerm\"]",
      "instances": [
        {
          "schema_version": 0,
          "attributes": {
            "backend_address_pool_ids": [
              "/subscriptions/850fc881-5d66-4a3b-b5c0-9e6cbbabe254/resourceGroups/1514-assignment1-RG/providers/Microsoft.Network/loadBalancers/load-balancer1514/backendAddressPools/load-balancer1514-BackEndAddressPool"
            ],
            "backend_port": 80,
            "disable_outbound_snat": false,
            "enable_floating_ip": false,
            "enable_tcp_reset": false,
            "frontend_ip_configuration_id": "/subscriptions/850fc881-5d66-4a3b-b5c0-9e6cbbabe254/resourceGroups/1514-assignment1-RG/providers/Microsoft.Network/loadBalancers/load-balancer1514/frontendIPConfigurations/load-balancer1514-FrontEndIP",
            "frontend_ip_configuration_name": "load-balancer1514-FrontEndIP",
            "frontend_port": 80,
            "id": "/subscriptions/850fc881-5d66-4a3b-b5c0-9e6cbbabe254/resourceGroups/1514-assignment1-RG/providers/Microsoft.Network/loadBalancers/load-balancer1514/loadBalancingRules/load-balancer1514-Rule",
            "idle_timeout_in_minutes": 4,
            "load_distribution": "Default",
            "loadbalancer_id": "/subscriptions/850fc881-5d66-4a3b-b5c0-9e6cbbabe254/resourceGroups/1514-assignment1-RG/providers/Microsoft.Network/loadBalancers/load-balancer1514",
            "name": "load-balancer1514-Rule",
            "probe_id": "",
            "protocol": "Tcp",
            "timeouts": null
          },
          "sensitive_attributes": [],
          "private": "eyJlMmJmYjczMC1lY2FhLTExZTYtOGY4OC0zNDM2M2JjN2M0YzAiOnsiY3JlYXRlIjoxODAwMDAwMDAwMDAwLCJkZWxldGUiOjE4MDAwMDAwMDAwMDAsInJlYWQiOjMwMDAwMDAwMDAwMCwidXBkYXRlIjoxODAwMDAwMDAwMDAwfX0=",
          "dependencies": [
            "module.loadbalancer.azurerm_lb.load_balancer",
            "module.loadbalancer.azurerm_lb_backend_address_pool.lb_backend_add_pool",
            "module.loadbalancer.azurerm_public_ip.lb_frontend_pip",
            "module.rgroup.azurerm_resource_group.resource_grp"
          ]
        }
      ]
    },
    {
      "module": "module.loadbalancer",
      "mode": "managed",
      "type": "azurerm_network_interface_backend_address_pool_association",
      "name": "lb_network_int_backend_addr_pool_association",
      "provider": "provider[\"registry.terraform.io/hashicorp/azurerm\"]",
      "instances": [
        {
          "index_key": 0,
          "schema_version": 0,
          "attributes": {
            "backend_address_pool_id": "/subscriptions/850fc881-5d66-4a3b-b5c0-9e6cbbabe254/resourceGroups/1514-assignment1-RG/providers/Microsoft.Network/loadBalancers/load-balancer1514/backendAddressPools/load-balancer1514-BackEndAddressPool",
            "id": "/subscriptions/850fc881-5d66-4a3b-b5c0-9e6cbbabe254/resourceGroups/1514-assignment1-RG/providers/Microsoft.Network/networkInterfaces/linux-1514-nic-2/ipConfigurations/linux-1514-ip-2|/subscriptions/850fc881-5d66-4a3b-b5c0-9e6cbbabe254/resourceGroups/1514-assignment1-RG/providers/Microsoft.Network/loadBalancers/load-balancer1514/backendAddressPools/load-balancer1514-BackEndAddressPool",
            "ip_configuration_name": "linux-1514-ip-2",
            "network_interface_id": "/subscriptions/850fc881-5d66-4a3b-b5c0-9e6cbbabe254/resourceGroups/1514-assignment1-RG/providers/Microsoft.Network/networkInterfaces/linux-1514-nic-2",
            "timeouts": null
          },
          "sensitive_attributes": [],
          "private": "eyJlMmJmYjczMC1lY2FhLTExZTYtOGY4OC0zNDM2M2JjN2M0YzAiOnsiY3JlYXRlIjoxODAwMDAwMDAwMDAwLCJkZWxldGUiOjE4MDAwMDAwMDAwMDAsInJlYWQiOjMwMDAwMDAwMDAwMCwidXBkYXRlIjoxODAwMDAwMDAwMDAwfX0=",
          "dependencies": [
            "module.loadbalancer.azurerm_lb.load_balancer",
            "module.loadbalancer.azurerm_lb_backend_address_pool.lb_backend_add_pool",
            "module.loadbalancer.azurerm_public_ip.lb_frontend_pip",
            "module.network.azurerm_subnet.subnet",
            "module.network.azurerm_virtual_network.vnet",
            "module.rgroup.azurerm_resource_group.resource_grp",
            "module.vmlinux.azurerm_network_interface.network_interface",
            "module.vmlinux.azurerm_public_ip.public_ip"
          ]
        },
        {
          "index_key": 1,
          "schema_version": 0,
          "attributes": {
            "backend_address_pool_id": "/subscriptions/850fc881-5d66-4a3b-b5c0-9e6cbbabe254/resourceGroups/1514-assignment1-RG/providers/Microsoft.Network/loadBalancers/load-balancer1514/backendAddressPools/load-balancer1514-BackEndAddressPool",
            "id": "/subscriptions/850fc881-5d66-4a3b-b5c0-9e6cbbabe254/resourceGroups/1514-assignment1-RG/providers/Microsoft.Network/networkInterfaces/linux-1514-nic-1/ipConfigurations/linux-1514-ip-1|/subscriptions/850fc881-5d66-4a3b-b5c0-9e6cbbabe254/resourceGroups/1514-assignment1-RG/providers/Microsoft.Network/loadBalancers/load-balancer1514/backendAddressPools/load-balancer1514-BackEndAddressPool",
            "ip_configuration_name": "linux-1514-ip-1",
            "network_interface_id": "/subscriptions/850fc881-5d66-4a3b-b5c0-9e6cbbabe254/resourceGroups/1514-assignment1-RG/providers/Microsoft.Network/networkInterfaces/linux-1514-nic-1",
            "timeouts": null
          },
          "sensitive_attributes": [],
          "private": "eyJlMmJmYjczMC1lY2FhLTExZTYtOGY4OC0zNDM2M2JjN2M0YzAiOnsiY3JlYXRlIjoxODAwMDAwMDAwMDAwLCJkZWxldGUiOjE4MDAwMDAwMDAwMDAsInJlYWQiOjMwMDAwMDAwMDAwMCwidXBkYXRlIjoxODAwMDAwMDAwMDAwfX0=",
          "dependencies": [
            "module.loadbalancer.azurerm_lb.load_balancer",
            "module.loadbalancer.azurerm_lb_backend_address_pool.lb_backend_add_pool",
            "module.loadbalancer.azurerm_public_ip.lb_frontend_pip",
            "module.network.azurerm_subnet.subnet",
            "module.network.azurerm_virtual_network.vnet",
            "module.rgroup.azurerm_resource_group.resource_grp",
            "module.vmlinux.azurerm_network_interface.network_interface",
            "module.vmlinux.azurerm_public_ip.public_ip"
          ]
        }
      ]
    },
    {
      "module": "module.loadbalancer",
      "mode": "managed",
      "type": "azurerm_public_ip",
      "name": "lb_frontend_pip",
      "provider": "provider[\"registry.terraform.io/hashicorp/azurerm\"]",
      "instances": [
        {
          "schema_version": 0,
          "attributes": {
            "allocation_method": "Dynamic",
            "ddos_protection_mode": "VirtualNetworkInherited",
            "ddos_protection_plan_id": null,
            "domain_name_label": "load-balancer1514",
            "edge_zone": "",
            "fqdn": "load-balancer1514.eastus.cloudapp.azure.com",
            "id": "/subscriptions/850fc881-5d66-4a3b-b5c0-9e6cbbabe254/resourceGroups/1514-assignment1-RG/providers/Microsoft.Network/publicIPAddresses/load-balancer1514-PublicIP",
            "idle_timeout_in_minutes": 4,
            "ip_address": "20.232.113.112",
            "ip_tags": {},
            "ip_version": "IPv4",
            "location": "eastus",
            "name": "load-balancer1514-PublicIP",
            "public_ip_prefix_id": null,
            "resource_group_name": "1514-assignment1-RG",
            "reverse_fqdn": "",
            "sku": "Basic",
            "sku_tier": "Regional",
            "tags": {
              "Environment": "Lab",
              "ExpirationDate": "2022-08-20",
              "Name": "Chirag.Patel",
              "Project": "Automation Project – Assignment 2"
            },
            "timeouts": null,
            "zones": []
          },
          "sensitive_attributes": [],
          "private": "eyJlMmJmYjczMC1lY2FhLTExZTYtOGY4OC0zNDM2M2JjN2M0YzAiOnsiY3JlYXRlIjoxODAwMDAwMDAwMDAwLCJkZWxldGUiOjE4MDAwMDAwMDAwMDAsInJlYWQiOjMwMDAwMDAwMDAwMCwidXBkYXRlIjoxODAwMDAwMDAwMDAwfX0=",
          "dependencies": [
            "module.rgroup.azurerm_resource_group.resource_grp"
          ]
        }
      ]
    },
    {
      "module": "module.network",
      "mode": "managed",
      "type": "azurerm_subnet",
      "name": "subnet",
      "provider": "provider[\"registry.terraform.io/hashicorp/azurerm\"]",
      "instances": [
        {
          "schema_version": 0,
          "attributes": {
            "address_prefixes": [
              "10.0.1.0/24"
            ],
            "delegation": [],
            "enforce_private_link_endpoint_network_policies": false,
            "enforce_private_link_service_network_policies": false,
            "id": "/subscriptions/850fc881-5d66-4a3b-b5c0-9e6cbbabe254/resourceGroups/1514-assignment1-RG/providers/Microsoft.Network/virtualNetworks/vnet_1514/subnets/subnet-1514",
            "name": "subnet-1514",
            "private_endpoint_network_policies_enabled": true,
            "private_link_service_network_policies_enabled": true,
            "resource_group_name": "1514-assignment1-RG",
            "service_endpoint_policy_ids": [],
            "service_endpoints": [],
            "timeouts": null,
            "virtual_network_name": "vnet_1514"
          },
          "sensitive_attributes": [],
          "private": "eyJlMmJmYjczMC1lY2FhLTExZTYtOGY4OC0zNDM2M2JjN2M0YzAiOnsiY3JlYXRlIjoxODAwMDAwMDAwMDAwLCJkZWxldGUiOjE4MDAwMDAwMDAwMDAsInJlYWQiOjMwMDAwMDAwMDAwMCwidXBkYXRlIjoxODAwMDAwMDAwMDAwfX0=",
          "dependencies": [
            "module.network.azurerm_virtual_network.vnet",
            "module.rgroup.azurerm_resource_group.resource_grp"
          ]
        }
      ]
    },
    {
      "module": "module.network",
      "mode": "managed",
      "type": "azurerm_virtual_network",
      "name": "vnet",
      "provider": "provider[\"registry.terraform.io/hashicorp/azurerm\"]",
      "instances": [
        {
          "schema_version": 0,
          "attributes": {
            "address_space": [
              "10.0.0.0/16"
            ],
            "bgp_community": "",
            "ddos_protection_plan": [],
            "dns_servers": [],
            "edge_zone": "",
            "flow_timeout_in_minutes": 0,
            "guid": "d7f22505-63c6-4a46-a3e1-5b8d44d535dd",
            "id": "/subscriptions/850fc881-5d66-4a3b-b5c0-9e6cbbabe254/resourceGroups/1514-assignment1-RG/providers/Microsoft.Network/virtualNetworks/vnet_1514",
            "location": "eastus",
            "name": "vnet_1514",
            "resource_group_name": "1514-assignment1-RG",
            "subnet": [
              {
                "address_prefix": "10.0.1.0/24",
                "id": "/subscriptions/850fc881-5d66-4a3b-b5c0-9e6cbbabe254/resourceGroups/1514-assignment1-RG/providers/Microsoft.Network/virtualNetworks/vnet_1514/subnets/subnet-1514",
                "name": "subnet-1514",
                "security_group": ""
              }
            ],
            "tags": {
              "Environment": "Lab",
              "ExpirationDate": "2022-08-20",
              "Name": "Chirag.Patel",
              "Project": "Automation Project – Assignment 2"
            },
            "timeouts": null
          },
          "sensitive_attributes": [],
          "private": "eyJlMmJmYjczMC1lY2FhLTExZTYtOGY4OC0zNDM2M2JjN2M0YzAiOnsiY3JlYXRlIjoxODAwMDAwMDAwMDAwLCJkZWxldGUiOjE4MDAwMDAwMDAwMDAsInJlYWQiOjMwMDAwMDAwMDAwMCwidXBkYXRlIjoxODAwMDAwMDAwMDAwfX0=",
          "dependencies": [
            "module.rgroup.azurerm_resource_group.resource_grp"
          ]
        }
      ]
    },
    {
      "module": "module.rgroup",
      "mode": "managed",
      "type": "azurerm_resource_group",
      "name": "resource_grp",
      "provider": "provider[\"registry.terraform.io/hashicorp/azurerm\"]",
      "instances": [
        {
          "schema_version": 0,
          "attributes": {
            "id": "/subscriptions/850fc881-5d66-4a3b-b5c0-9e6cbbabe254/resourceGroups/1514-assignment1-RG",
            "location": "eastus",
            "name": "1514-assignment1-RG",
            "tags": {
              "Environment": "Lab",
              "ExpirationDate": "2022-08-20",
              "Name": "Chirag.Patel",
              "Project": "Automation Project – Assignment 2"
            },
            "timeouts": null
          },
          "sensitive_attributes": [],
          "private": "eyJlMmJmYjczMC1lY2FhLTExZTYtOGY4OC0zNDM2M2JjN2M0YzAiOnsiY3JlYXRlIjo1NDAwMDAwMDAwMDAwLCJkZWxldGUiOjU0MDAwMDAwMDAwMDAsInJlYWQiOjMwMDAwMDAwMDAwMCwidXBkYXRlIjo1NDAwMDAwMDAwMDAwfX0="
        }
      ]
    },
    {
      "module": "module.vmlinux",
      "mode": "managed",
      "type": "azurerm_availability_set",
      "name": "linux_avs",
      "provider": "provider[\"registry.terraform.io/hashicorp/azurerm\"]",
      "instances": [
        {
          "schema_version": 0,
          "attributes": {
            "id": "/subscriptions/850fc881-5d66-4a3b-b5c0-9e6cbbabe254/resourceGroups/1514-assignment1-RG/providers/Microsoft.Compute/availabilitySets/linux-AVS-1514",
            "location": "eastus",
            "managed": true,
            "name": "linux-AVS-1514",
            "platform_fault_domain_count": 2,
            "platform_update_domain_count": 5,
            "proximity_placement_group_id": null,
            "resource_group_name": "1514-assignment1-RG",
            "tags": {
              "Environment": "Lab",
              "ExpirationDate": "2022-08-20",
              "Name": "Chirag.Patel",
              "Project": "Automation Project – Assignment 2"
            },
            "timeouts": null
          },
          "sensitive_attributes": [],
          "private": "eyJlMmJmYjczMC1lY2FhLTExZTYtOGY4OC0zNDM2M2JjN2M0YzAiOnsiY3JlYXRlIjoxODAwMDAwMDAwMDAwLCJkZWxldGUiOjE4MDAwMDAwMDAwMDAsInJlYWQiOjMwMDAwMDAwMDAwMCwidXBkYXRlIjoxODAwMDAwMDAwMDAwfX0=",
          "dependencies": [
            "module.rgroup.azurerm_resource_group.resource_grp"
          ]
        }
      ]
    },
    {
      "module": "module.vmlinux",
      "mode": "managed",
      "type": "azurerm_linux_virtual_machine",
      "name": "linux_vm",
      "provider": "provider[\"registry.terraform.io/hashicorp/azurerm\"]",
      "instances": [
        {
          "index_key": 0,
          "schema_version": 0,
          "attributes": {
            "additional_capabilities": [],
            "admin_password": null,
            "admin_ssh_key": [
              {
                "public_key": "ssh-rsa AAAAB3NzaC1yc2EAAAADAQABAAABAQDWnXFMgdCiXgyR+TBciQLlP8kGemUd8VdxndiIz2m76Q4BrjEh3fpmrPqRe+iVq3r4jUAGzm3MR2naRDghWWJRDt5grYisyNNyr9kv2OwD5igogsipPtfz/ydU/FN9vYwASGUtrz9w8aVqHJe1sbRDSV2yzhwCAKnPGE8s5R8NXVwCI1h3UjG0D1sRxMpRNRruJnKW6YRcu/7PehHgp073H6slYcbpjsl3QcWvOIYp+IXXFM3TrP6wIJvkqTYZDze/wRs+Mz8jpY4o61kLWjb1H49+rbbtFodmlFkjKWEA20kBuU4c9CpulBS9h6i9tnnb8m4/8nJ+br+las+Qaqr3 chiragpatel@Chirags-MacBook-Air.local\n",
                "username": "Chirag-n01561514"
              }
            ],
            "admin_username": "Chirag-n01561514",
            "allow_extension_operations": true,
            "availability_set_id": "/subscriptions/850fc881-5d66-4a3b-b5c0-9e6cbbabe254/resourceGroups/1514-assignment1-RG/providers/Microsoft.Compute/availabilitySets/LINUX-AVS-1514",
            "boot_diagnostics": [
              {
                "storage_account_uri": "https://storageaccountn1514.blob.core.windows.net/"
              }
            ],
            "capacity_reservation_group_id": "",
            "computer_name": "linux-1514-1",
            "custom_data": null,
            "dedicated_host_group_id": "",
            "dedicated_host_id": "",
            "disable_password_authentication": true,
            "edge_zone": "",
            "encryption_at_host_enabled": false,
            "eviction_policy": "",
            "extensions_time_budget": "PT1H30M",
            "gallery_application": [],
            "id": "/subscriptions/850fc881-5d66-4a3b-b5c0-9e6cbbabe254/resourceGroups/1514-assignment1-RG/providers/Microsoft.Compute/virtualMachines/linux-1514-1",
            "identity": [],
            "license_type": "",
            "location": "eastus",
            "max_bid_price": -1,
            "name": "linux-1514-1",
            "network_interface_ids": [
              "/subscriptions/850fc881-5d66-4a3b-b5c0-9e6cbbabe254/resourceGroups/1514-assignment1-RG/providers/Microsoft.Network/networkInterfaces/linux-1514-nic-2"
            ],
            "os_disk": [
              {
                "caching": "ReadWrite",
                "diff_disk_settings": [],
                "disk_encryption_set_id": "",
                "disk_size_gb": 32,
                "name": "linux-1514-osdisk-1",
                "secure_vm_disk_encryption_set_id": "",
                "security_encryption_type": "",
                "storage_account_type": "Standard_LRS",
                "write_accelerator_enabled": false
              }
            ],
            "patch_assessment_mode": "ImageDefault",
            "patch_mode": "ImageDefault",
            "plan": [],
            "platform_fault_domain": -1,
            "priority": "Regular",
            "private_ip_address": "10.0.1.6",
            "private_ip_addresses": [
              "10.0.1.6"
            ],
            "provision_vm_agent": true,
            "proximity_placement_group_id": "",
            "public_ip_address": "4.227.198.167",
            "public_ip_addresses": [
              "4.227.198.167"
            ],
            "resource_group_name": "1514-assignment1-RG",
            "secret": [],
            "secure_boot_enabled": false,
            "size": "Standard_B1s",
            "source_image_id": "",
            "source_image_reference": [
              {
                "offer": "CentOS",
                "publisher": "OpenLogic",
                "sku": "8_2",
                "version": "8.2.2020062400"
              }
            ],
            "tags": {
              "Environment": "Lab",
              "ExpirationDate": "2022-08-20",
              "Name": "Chirag.Patel",
              "Project": "Automation Project – Assignment 2"
            },
            "termination_notification": [],
            "timeouts": null,
            "user_data": "",
            "virtual_machine_id": "ef8f72e1-384e-4fd0-8396-1823b5a1b43a",
            "virtual_machine_scale_set_id": "",
            "vtpm_enabled": false,
            "zone": ""
          },
          "sensitive_attributes": [],
          "private": "eyJlMmJmYjczMC1lY2FhLTExZTYtOGY4OC0zNDM2M2JjN2M0YzAiOnsiY3JlYXRlIjoyNzAwMDAwMDAwMDAwLCJkZWxldGUiOjI3MDAwMDAwMDAwMDAsInJlYWQiOjMwMDAwMDAwMDAwMCwidXBkYXRlIjoyNzAwMDAwMDAwMDAwfX0=",
          "dependencies": [
            "module.common.azurerm_storage_account.storage_account",
            "module.rgroup.azurerm_resource_group.resource_grp",
            "module.vmlinux.azurerm_availability_set.linux_avs",
            "module.vmlinux.azurerm_network_interface.network_interface"
          ]
        },
        {
          "index_key": 1,
          "schema_version": 0,
          "attributes": {
            "additional_capabilities": [],
            "admin_password": null,
            "admin_ssh_key": [
              {
                "public_key": "ssh-rsa AAAAB3NzaC1yc2EAAAADAQABAAABAQDWnXFMgdCiXgyR+TBciQLlP8kGemUd8VdxndiIz2m76Q4BrjEh3fpmrPqRe+iVq3r4jUAGzm3MR2naRDghWWJRDt5grYisyNNyr9kv2OwD5igogsipPtfz/ydU/FN9vYwASGUtrz9w8aVqHJe1sbRDSV2yzhwCAKnPGE8s5R8NXVwCI1h3UjG0D1sRxMpRNRruJnKW6YRcu/7PehHgp073H6slYcbpjsl3QcWvOIYp+IXXFM3TrP6wIJvkqTYZDze/wRs+Mz8jpY4o61kLWjb1H49+rbbtFodmlFkjKWEA20kBuU4c9CpulBS9h6i9tnnb8m4/8nJ+br+las+Qaqr3 chiragpatel@Chirags-MacBook-Air.local\n",
                "username": "Chirag-n01561514"
              }
            ],
            "admin_username": "Chirag-n01561514",
            "allow_extension_operations": true,
            "availability_set_id": "/subscriptions/850fc881-5d66-4a3b-b5c0-9e6cbbabe254/resourceGroups/1514-assignment1-RG/providers/Microsoft.Compute/availabilitySets/LINUX-AVS-1514",
            "boot_diagnostics": [
              {
                "storage_account_uri": "https://storageaccountn1514.blob.core.windows.net/"
              }
            ],
            "capacity_reservation_group_id": "",
            "computer_name": "linux-1514-2",
            "custom_data": null,
            "dedicated_host_group_id": "",
            "dedicated_host_id": "",
            "disable_password_authentication": true,
            "edge_zone": "",
            "encryption_at_host_enabled": false,
            "eviction_policy": "",
            "extensions_time_budget": "PT1H30M",
            "gallery_application": [],
            "id": "/subscriptions/850fc881-5d66-4a3b-b5c0-9e6cbbabe254/resourceGroups/1514-assignment1-RG/providers/Microsoft.Compute/virtualMachines/linux-1514-2",
            "identity": [],
            "license_type": "",
            "location": "eastus",
            "max_bid_price": -1,
            "name": "linux-1514-2",
            "network_interface_ids": [
              "/subscriptions/850fc881-5d66-4a3b-b5c0-9e6cbbabe254/resourceGroups/1514-assignment1-RG/providers/Microsoft.Network/networkInterfaces/linux-1514-nic-1"
            ],
            "os_disk": [
              {
                "caching": "ReadWrite",
                "diff_disk_settings": [],
                "disk_encryption_set_id": "",
                "disk_size_gb": 32,
                "name": "linux-1514-osdisk-2",
                "secure_vm_disk_encryption_set_id": "",
                "security_encryption_type": "",
                "storage_account_type": "Standard_LRS",
                "write_accelerator_enabled": false
              }
            ],
            "patch_assessment_mode": "ImageDefault",
            "patch_mode": "ImageDefault",
            "plan": [],
            "platform_fault_domain": -1,
            "priority": "Regular",
            "private_ip_address": "10.0.1.5",
            "private_ip_addresses": [
              "10.0.1.5"
            ],
            "provision_vm_agent": true,
            "proximity_placement_group_id": "",
            "public_ip_address": "172.173.231.253",
            "public_ip_addresses": [
              "172.173.231.253"
            ],
            "resource_group_name": "1514-assignment1-RG",
            "secret": [],
            "secure_boot_enabled": false,
            "size": "Standard_B1s",
            "source_image_id": "",
            "source_image_reference": [
              {
                "offer": "CentOS",
                "publisher": "OpenLogic",
                "sku": "8_2",
                "version": "8.2.2020062400"
              }
            ],
            "tags": {
              "Environment": "Lab",
              "ExpirationDate": "2022-08-20",
              "Name": "Chirag.Patel",
              "Project": "Automation Project – Assignment 2"
            },
            "termination_notification": [],
            "timeouts": null,
            "user_data": "",
            "virtual_machine_id": "832e2ba1-f2a6-4206-acec-cd05f57165bc",
            "virtual_machine_scale_set_id": "",
            "vtpm_enabled": false,
            "zone": ""
          },
          "sensitive_attributes": [],
          "private": "eyJlMmJmYjczMC1lY2FhLTExZTYtOGY4OC0zNDM2M2JjN2M0YzAiOnsiY3JlYXRlIjoyNzAwMDAwMDAwMDAwLCJkZWxldGUiOjI3MDAwMDAwMDAwMDAsInJlYWQiOjMwMDAwMDAwMDAwMCwidXBkYXRlIjoyNzAwMDAwMDAwMDAwfX0=",
          "dependencies": [
            "module.common.azurerm_storage_account.storage_account",
            "module.rgroup.azurerm_resource_group.resource_grp",
            "module.vmlinux.azurerm_availability_set.linux_avs",
            "module.vmlinux.azurerm_network_interface.network_interface"
          ]
        }
      ]
    },
    {
      "module": "module.vmlinux",
      "mode": "managed",
      "type": "azurerm_network_interface",
      "name": "network_interface",
      "provider": "provider[\"registry.terraform.io/hashicorp/azurerm\"]",
      "instances": [
        {
          "index_key": 0,
          "schema_version": 0,
          "attributes": {
            "applied_dns_servers": [],
            "dns_servers": [],
            "edge_zone": "",
            "enable_accelerated_networking": false,
            "enable_ip_forwarding": false,
            "id": "/subscriptions/850fc881-5d66-4a3b-b5c0-9e6cbbabe254/resourceGroups/1514-assignment1-RG/providers/Microsoft.Network/networkInterfaces/linux-1514-nic-1",
            "internal_dns_name_label": "",
            "internal_domain_name_suffix": "aus5fv4gmndevi5blogujvjv1f.bx.internal.cloudapp.net",
            "ip_configuration": [
              {
                "gateway_load_balancer_frontend_ip_configuration_id": "",
                "name": "linux-1514-ip-1",
                "primary": true,
                "private_ip_address": "10.0.1.5",
                "private_ip_address_allocation": "Dynamic",
                "private_ip_address_version": "IPv4",
                "public_ip_address_id": "/subscriptions/850fc881-5d66-4a3b-b5c0-9e6cbbabe254/resourceGroups/1514-assignment1-RG/providers/Microsoft.Network/publicIPAddresses/linux-1514-pip-2",
                "subnet_id": "/subscriptions/850fc881-5d66-4a3b-b5c0-9e6cbbabe254/resourceGroups/1514-assignment1-RG/providers/Microsoft.Network/virtualNetworks/vnet_1514/subnets/subnet-1514"
              }
            ],
            "location": "eastus",
            "mac_address": "00-0D-3A-9A-EE-97",
            "name": "linux-1514-nic-1",
            "private_ip_address": "10.0.1.5",
            "private_ip_addresses": [
              "10.0.1.5"
            ],
            "resource_group_name": "1514-assignment1-RG",
            "tags": {
              "Environment": "Lab",
              "ExpirationDate": "2022-08-20",
              "Name": "Chirag.Patel",
              "Project": "Automation Project – Assignment 2"
            },
            "timeouts": null,
            "virtual_machine_id": "/subscriptions/850fc881-5d66-4a3b-b5c0-9e6cbbabe254/resourceGroups/1514-assignment1-RG/providers/Microsoft.Compute/virtualMachines/linux-1514-2"
          },
          "sensitive_attributes": [],
          "private": "eyJlMmJmYjczMC1lY2FhLTExZTYtOGY4OC0zNDM2M2JjN2M0YzAiOnsiY3JlYXRlIjoxODAwMDAwMDAwMDAwLCJkZWxldGUiOjE4MDAwMDAwMDAwMDAsInJlYWQiOjMwMDAwMDAwMDAwMCwidXBkYXRlIjoxODAwMDAwMDAwMDAwfX0=",
          "dependencies": [
            "module.network.azurerm_subnet.subnet",
            "module.network.azurerm_virtual_network.vnet",
            "module.rgroup.azurerm_resource_group.resource_grp",
            "module.vmlinux.azurerm_public_ip.public_ip"
          ]
        },
        {
          "index_key": 1,
          "schema_version": 0,
          "attributes": {
            "applied_dns_servers": [],
            "dns_servers": [],
            "edge_zone": "",
            "enable_accelerated_networking": false,
            "enable_ip_forwarding": false,
            "id": "/subscriptions/850fc881-5d66-4a3b-b5c0-9e6cbbabe254/resourceGroups/1514-assignment1-RG/providers/Microsoft.Network/networkInterfaces/linux-1514-nic-2",
            "internal_dns_name_label": "",
            "internal_domain_name_suffix": "aus5fv4gmndevi5blogujvjv1f.bx.internal.cloudapp.net",
            "ip_configuration": [
              {
                "gateway_load_balancer_frontend_ip_configuration_id": "",
                "name": "linux-1514-ip-2",
                "primary": true,
                "private_ip_address": "10.0.1.6",
                "private_ip_address_allocation": "Dynamic",
                "private_ip_address_version": "IPv4",
                "public_ip_address_id": "/subscriptions/850fc881-5d66-4a3b-b5c0-9e6cbbabe254/resourceGroups/1514-assignment1-RG/providers/Microsoft.Network/publicIPAddresses/linux-1514-pip-1",
                "subnet_id": "/subscriptions/850fc881-5d66-4a3b-b5c0-9e6cbbabe254/resourceGroups/1514-assignment1-RG/providers/Microsoft.Network/virtualNetworks/vnet_1514/subnets/subnet-1514"
              }
            ],
            "location": "eastus",
            "mac_address": "00-0D-3A-9C-10-DA",
            "name": "linux-1514-nic-2",
            "private_ip_address": "10.0.1.6",
            "private_ip_addresses": [
              "10.0.1.6"
            ],
            "resource_group_name": "1514-assignment1-RG",
            "tags": {
              "Environment": "Lab",
              "ExpirationDate": "2022-08-20",
              "Name": "Chirag.Patel",
              "Project": "Automation Project – Assignment 2"
            },
            "timeouts": null,
            "virtual_machine_id": "/subscriptions/850fc881-5d66-4a3b-b5c0-9e6cbbabe254/resourceGroups/1514-assignment1-RG/providers/Microsoft.Compute/virtualMachines/linux-1514-1"
          },
          "sensitive_attributes": [],
          "private": "eyJlMmJmYjczMC1lY2FhLTExZTYtOGY4OC0zNDM2M2JjN2M0YzAiOnsiY3JlYXRlIjoxODAwMDAwMDAwMDAwLCJkZWxldGUiOjE4MDAwMDAwMDAwMDAsInJlYWQiOjMwMDAwMDAwMDAwMCwidXBkYXRlIjoxODAwMDAwMDAwMDAwfX0=",
          "dependencies": [
            "module.network.azurerm_subnet.subnet",
            "module.network.azurerm_virtual_network.vnet",
            "module.rgroup.azurerm_resource_group.resource_grp",
            "module.vmlinux.azurerm_public_ip.public_ip"
          ]
        }
      ]
    },
    {
      "module": "module.vmlinux",
      "mode": "managed",
      "type": "azurerm_public_ip",
      "name": "public_ip",
      "provider": "provider[\"registry.terraform.io/hashicorp/azurerm\"]",
      "instances": [
        {
          "index_key": 0,
          "schema_version": 0,
          "attributes": {
            "allocation_method": "Dynamic",
            "ddos_protection_mode": "VirtualNetworkInherited",
            "ddos_protection_plan_id": null,
            "domain_name_label": "linux-1514-1",
            "edge_zone": "",
            "fqdn": "linux-1514-1.eastus.cloudapp.azure.com",
            "id": "/subscriptions/850fc881-5d66-4a3b-b5c0-9e6cbbabe254/resourceGroups/1514-assignment1-RG/providers/Microsoft.Network/publicIPAddresses/linux-1514-pip-1",
            "idle_timeout_in_minutes": 4,
            "ip_address": "4.227.242.55",
            "ip_tags": {},
            "ip_version": "IPv4",
            "location": "eastus",
            "name": "linux-1514-pip-1",
            "public_ip_prefix_id": null,
            "resource_group_name": "1514-assignment1-RG",
            "reverse_fqdn": "",
            "sku": "Basic",
            "sku_tier": "Regional",
            "tags": {
              "Environment": "Lab",
              "ExpirationDate": "2022-08-20",
              "Name": "Chirag.Patel",
              "Project": "Automation Project – Assignment 2"
            },
            "timeouts": null,
            "zones": []
          },
          "sensitive_attributes": [],
          "private": "eyJlMmJmYjczMC1lY2FhLTExZTYtOGY4OC0zNDM2M2JjN2M0YzAiOnsiY3JlYXRlIjoxODAwMDAwMDAwMDAwLCJkZWxldGUiOjE4MDAwMDAwMDAwMDAsInJlYWQiOjMwMDAwMDAwMDAwMCwidXBkYXRlIjoxODAwMDAwMDAwMDAwfX0=",
          "dependencies": [
            "module.rgroup.azurerm_resource_group.resource_grp"
          ]
        },
        {
          "index_key": 1,
          "schema_version": 0,
          "attributes": {
            "allocation_method": "Dynamic",
            "ddos_protection_mode": "VirtualNetworkInherited",
            "ddos_protection_plan_id": null,
            "domain_name_label": "linux-1514-2",
            "edge_zone": "",
            "fqdn": "linux-1514-2.eastus.cloudapp.azure.com",
            "id": "/subscriptions/850fc881-5d66-4a3b-b5c0-9e6cbbabe254/resourceGroups/1514-assignment1-RG/providers/Microsoft.Network/publicIPAddresses/linux-1514-pip-2",
            "idle_timeout_in_minutes": 4,
            "ip_address": "172.173.240.132",
            "ip_tags": {},
            "ip_version": "IPv4",
            "location": "eastus",
            "name": "linux-1514-pip-2",
            "public_ip_prefix_id": null,
            "resource_group_name": "1514-assignment1-RG",
            "reverse_fqdn": "",
            "sku": "Basic",
            "sku_tier": "Regional",
            "tags": {
              "Environment": "Lab",
              "ExpirationDate": "2022-08-20",
              "Name": "Chirag.Patel",
              "Project": "Automation Project – Assignment 2"
            },
            "timeouts": null,
            "zones": []
          },
          "sensitive_attributes": [],
          "private": "eyJlMmJmYjczMC1lY2FhLTExZTYtOGY4OC0zNDM2M2JjN2M0YzAiOnsiY3JlYXRlIjoxODAwMDAwMDAwMDAwLCJkZWxldGUiOjE4MDAwMDAwMDAwMDAsInJlYWQiOjMwMDAwMDAwMDAwMCwidXBkYXRlIjoxODAwMDAwMDAwMDAwfX0=",
          "dependencies": [
            "module.rgroup.azurerm_resource_group.resource_grp"
          ]
        }
      ]
    },
    {
      "module": "module.vmlinux",
      "mode": "managed",
      "type": "null_resource",
      "name": "ansible_local_provisioner",
      "provider": "provider[\"registry.terraform.io/hashicorp/null\"]",
      "instances": [
        {
          "index_key": 0,
          "status": "tainted",
          "schema_version": 0,
          "attributes": {
            "id": "3896417007080153750",
            "triggers": null
          },
          "sensitive_attributes": [],
          "dependencies": [
            "module.common.azurerm_storage_account.storage_account",
            "module.rgroup.azurerm_resource_group.resource_grp",
            "module.vmlinux.azurerm_availability_set.linux_avs",
            "module.vmlinux.azurerm_linux_virtual_machine.linux_vm",
            "module.vmlinux.azurerm_network_interface.network_interface",
            "module.vmlinux.azurerm_public_ip.public_ip"
          ]
        },
        {
          "index_key": 1,
          "status": "tainted",
          "schema_version": 0,
          "attributes": {
            "id": "1748774734364786012",
            "triggers": null
          },
          "sensitive_attributes": [],
          "dependencies": [
            "module.common.azurerm_storage_account.storage_account",
            "module.rgroup.azurerm_resource_group.resource_grp",
            "module.vmlinux.azurerm_availability_set.linux_avs",
            "module.vmlinux.azurerm_linux_virtual_machine.linux_vm",
            "module.vmlinux.azurerm_network_interface.network_interface",
            "module.vmlinux.azurerm_public_ip.public_ip"
          ]
        }
      ]
    },
    {
      "module": "module.vmwindows",
      "mode": "managed",
      "type": "azurerm_availability_set",
      "name": "windows_avs",
      "provider": "provider[\"registry.terraform.io/hashicorp/azurerm\"]",
      "instances": [
        {
          "schema_version": 0,
          "attributes": {
            "id": "/subscriptions/850fc881-5d66-4a3b-b5c0-9e6cbbabe254/resourceGroups/1514-assignment1-RG/providers/Microsoft.Compute/availabilitySets/windows-AVS-1514",
            "location": "eastus",
            "managed": true,
            "name": "windows-AVS-1514",
            "platform_fault_domain_count": 2,
            "platform_update_domain_count": 5,
            "proximity_placement_group_id": null,
            "resource_group_name": "1514-assignment1-RG",
            "tags": {
              "Environment": "Lab",
              "ExpirationDate": "2022-08-20",
              "Name": "Chirag.Patel",
              "Project": "Automation Project – Assignment 2"
            },
            "timeouts": null
          },
          "sensitive_attributes": [],
          "private": "eyJlMmJmYjczMC1lY2FhLTExZTYtOGY4OC0zNDM2M2JjN2M0YzAiOnsiY3JlYXRlIjoxODAwMDAwMDAwMDAwLCJkZWxldGUiOjE4MDAwMDAwMDAwMDAsInJlYWQiOjMwMDAwMDAwMDAwMCwidXBkYXRlIjoxODAwMDAwMDAwMDAwfX0=",
          "dependencies": [
            "module.rgroup.azurerm_resource_group.resource_grp"
          ]
        }
      ]
    },
    {
      "module": "module.vmwindows",
      "mode": "managed",
      "type": "azurerm_network_interface",
      "name": "network_interface",
      "provider": "provider[\"registry.terraform.io/hashicorp/azurerm\"]",
      "instances": [
        {
          "schema_version": 0,
          "attributes": {
            "applied_dns_servers": [],
            "dns_servers": [],
            "edge_zone": "",
            "enable_accelerated_networking": false,
            "enable_ip_forwarding": false,
            "id": "/subscriptions/850fc881-5d66-4a3b-b5c0-9e6cbbabe254/resourceGroups/1514-assignment1-RG/providers/Microsoft.Network/networkInterfaces/window1514-nic",
            "internal_dns_name_label": "",
            "internal_domain_name_suffix": "aus5fv4gmndevi5blogujvjv1f.bx.internal.cloudapp.net",
            "ip_configuration": [
              {
                "gateway_load_balancer_frontend_ip_configuration_id": "",
                "name": "window1514-ip",
                "primary": true,
                "private_ip_address": "10.0.1.4",
                "private_ip_address_allocation": "Dynamic",
                "private_ip_address_version": "IPv4",
                "public_ip_address_id": "/subscriptions/850fc881-5d66-4a3b-b5c0-9e6cbbabe254/resourceGroups/1514-assignment1-RG/providers/Microsoft.Network/publicIPAddresses/window1514-pip",
                "subnet_id": "/subscriptions/850fc881-5d66-4a3b-b5c0-9e6cbbabe254/resourceGroups/1514-assignment1-RG/providers/Microsoft.Network/virtualNetworks/vnet_1514/subnets/subnet-1514"
              }
            ],
            "location": "eastus",
            "mac_address": "00-22-48-2D-A0-28",
            "name": "window1514-nic",
            "private_ip_address": "10.0.1.4",
            "private_ip_addresses": [
              "10.0.1.4"
            ],
            "resource_group_name": "1514-assignment1-RG",
            "tags": {
              "Environment": "Lab",
              "ExpirationDate": "2022-08-20",
              "Name": "Chirag.Patel",
              "Project": "Automation Project – Assignment 2"
            },
            "timeouts": null,
            "virtual_machine_id": "/subscriptions/850fc881-5d66-4a3b-b5c0-9e6cbbabe254/resourceGroups/1514-assignment1-RG/providers/Microsoft.Compute/virtualMachines/window1514-vm"
          },
          "sensitive_attributes": [],
          "private": "eyJlMmJmYjczMC1lY2FhLTExZTYtOGY4OC0zNDM2M2JjN2M0YzAiOnsiY3JlYXRlIjoxODAwMDAwMDAwMDAwLCJkZWxldGUiOjE4MDAwMDAwMDAwMDAsInJlYWQiOjMwMDAwMDAwMDAwMCwidXBkYXRlIjoxODAwMDAwMDAwMDAwfX0=",
          "dependencies": [
            "module.network.azurerm_subnet.subnet",
            "module.network.azurerm_virtual_network.vnet",
            "module.rgroup.azurerm_resource_group.resource_grp",
            "module.vmwindows.azurerm_public_ip.public_ip"
          ]
        }
      ]
    },
    {
      "module": "module.vmwindows",
      "mode": "managed",
      "type": "azurerm_public_ip",
      "name": "public_ip",
      "provider": "provider[\"registry.terraform.io/hashicorp/azurerm\"]",
      "instances": [
        {
          "schema_version": 0,
          "attributes": {
            "allocation_method": "Dynamic",
            "ddos_protection_mode": "VirtualNetworkInherited",
            "ddos_protection_plan_id": null,
            "domain_name_label": "window1514",
            "edge_zone": "",
            "fqdn": "window1514.eastus.cloudapp.azure.com",
            "id": "/subscriptions/850fc881-5d66-4a3b-b5c0-9e6cbbabe254/resourceGroups/1514-assignment1-RG/providers/Microsoft.Network/publicIPAddresses/window1514-pip",
            "idle_timeout_in_minutes": 4,
            "ip_address": "20.124.29.86",
            "ip_tags": {},
            "ip_version": "IPv4",
            "location": "eastus",
            "name": "window1514-pip",
            "public_ip_prefix_id": null,
            "resource_group_name": "1514-assignment1-RG",
            "reverse_fqdn": "",
            "sku": "Basic",
            "sku_tier": "Regional",
            "tags": {
              "Environment": "Lab",
              "ExpirationDate": "2022-08-20",
              "Name": "Chirag.Patel",
              "Project": "Automation Project – Assignment 2"
            },
            "timeouts": null,
            "zones": []
          },
          "sensitive_attributes": [],
          "private": "eyJlMmJmYjczMC1lY2FhLTExZTYtOGY4OC0zNDM2M2JjN2M0YzAiOnsiY3JlYXRlIjoxODAwMDAwMDAwMDAwLCJkZWxldGUiOjE4MDAwMDAwMDAwMDAsInJlYWQiOjMwMDAwMDAwMDAwMCwidXBkYXRlIjoxODAwMDAwMDAwMDAwfX0=",
          "dependencies": [
            "module.rgroup.azurerm_resource_group.resource_grp"
          ]
        }
      ]
    },
    {
      "module": "module.vmwindows",
      "mode": "managed",
      "type": "azurerm_virtual_machine_extension",
      "name": "antimalware_ext",
      "provider": "provider[\"registry.terraform.io/hashicorp/azurerm\"]",
      "instances": [
        {
          "schema_version": 0,
          "attributes": {
            "auto_upgrade_minor_version": false,
            "automatic_upgrade_enabled": false,
            "failure_suppression_enabled": false,
            "id": "/subscriptions/850fc881-5d66-4a3b-b5c0-9e6cbbabe254/resourceGroups/1514-assignment1-RG/providers/Microsoft.Compute/virtualMachines/window1514-vm/extensions/Antimalware_Extension_1514",
            "name": "Antimalware_Extension_1514",
            "protected_settings": null,
            "protected_settings_from_key_vault": [],
            "publisher": "Microsoft.Azure.Security",
            "settings": null,
            "tags": {},
            "timeouts": {
              "create": null,
              "delete": null,
              "read": null,
              "update": null
            },
            "type": "IaaSAntimalware",
            "type_handler_version": "1.5",
            "virtual_machine_id": "/subscriptions/850fc881-5d66-4a3b-b5c0-9e6cbbabe254/resourceGroups/1514-assignment1-RG/providers/Microsoft.Compute/virtualMachines/window1514-vm"
          },
          "sensitive_attributes": [],
          "private": "eyJlMmJmYjczMC1lY2FhLTExZTYtOGY4OC0zNDM2M2JjN2M0YzAiOnsiY3JlYXRlIjoxODAwMDAwMDAwMDAwLCJkZWxldGUiOjE4MDAwMDAwMDAwMDAsInJlYWQiOjMwMDAwMDAwMDAwMCwidXBkYXRlIjoxODAwMDAwMDAwMDAwfSwic2NoZW1hX3ZlcnNpb24iOiIwIn0="
        }
      ]
    },
    {
      "module": "module.vmwindows",
      "mode": "managed",
      "type": "azurerm_windows_virtual_machine",
      "name": "windows_vm",
      "provider": "provider[\"registry.terraform.io/hashicorp/azurerm\"]",
      "instances": [
        {
          "schema_version": 0,
          "attributes": {
            "additional_capabilities": [],
            "additional_unattend_content": [],
            "admin_password": "Chirag-n01561514",
            "admin_username": "Chirag-n01561514",
            "allow_extension_operations": true,
            "availability_set_id": "/subscriptions/850fc881-5d66-4a3b-b5c0-9e6cbbabe254/resourceGroups/1514-assignment1-RG/providers/Microsoft.Compute/availabilitySets/WINDOWS-AVS-1514",
            "boot_diagnostics": [
              {
                "storage_account_uri": "https://storageaccountn1514.blob.core.windows.net/"
              }
            ],
            "capacity_reservation_group_id": "",
            "computer_name": "window1514-vm",
            "custom_data": null,
            "dedicated_host_group_id": "",
            "dedicated_host_id": "",
            "edge_zone": "",
            "enable_automatic_updates": true,
            "encryption_at_host_enabled": false,
            "eviction_policy": "",
            "extensions_time_budget": "PT1H30M",
            "gallery_application": [],
            "hotpatching_enabled": false,
            "id": "/subscriptions/850fc881-5d66-4a3b-b5c0-9e6cbbabe254/resourceGroups/1514-assignment1-RG/providers/Microsoft.Compute/virtualMachines/window1514-vm",
            "identity": [],
            "license_type": "",
            "location": "eastus",
            "max_bid_price": -1,
            "name": "window1514-vm",
            "network_interface_ids": [
              "/subscriptions/850fc881-5d66-4a3b-b5c0-9e6cbbabe254/resourceGroups/1514-assignment1-RG/providers/Microsoft.Network/networkInterfaces/window1514-nic"
            ],
            "os_disk": [
              {
                "caching": "ReadWrite",
                "diff_disk_settings": [],
                "disk_encryption_set_id": "",
                "disk_size_gb": 127,
                "name": "window1514-osdisk",
                "secure_vm_disk_encryption_set_id": "",
                "security_encryption_type": "",
                "storage_account_type": "Standard_LRS",
                "write_accelerator_enabled": false
              }
            ],
            "patch_assessment_mode": "ImageDefault",
            "patch_mode": "AutomaticByOS",
            "plan": [],
            "platform_fault_domain": -1,
            "priority": "Regular",
            "private_ip_address": "10.0.1.4",
            "private_ip_addresses": [
              "10.0.1.4"
            ],
            "provision_vm_agent": true,
            "proximity_placement_group_id": "",
            "public_ip_address": "20.124.29.86",
            "public_ip_addresses": [
              "20.124.29.86"
            ],
            "resource_group_name": "1514-assignment1-RG",
            "secret": [],
            "secure_boot_enabled": false,
            "size": "Standard_B1ms",
            "source_image_id": "",
            "source_image_reference": [
              {
                "offer": "WindowsServer",
                "publisher": "MicrosoftWindowsServer",
                "sku": "2016-Datacenter",
                "version": "latest"
              }
            ],
            "tags": {
              "Environment": "Lab",
              "ExpirationDate": "2022-08-20",
              "Name": "Chirag.Patel",
              "Project": "Automation Project – Assignment 2"
            },
            "termination_notification": [],
            "timeouts": null,
            "timezone": "",
            "user_data": "",
            "virtual_machine_id": "00c80ca4-5e08-494c-aef1-3e79f52e6dd9",
            "virtual_machine_scale_set_id": "",
            "vtpm_enabled": false,
            "winrm_listener": [],
            "zone": ""
          },
          "sensitive_attributes": [],
          "private": "eyJlMmJmYjczMC1lY2FhLTExZTYtOGY4OC0zNDM2M2JjN2M0YzAiOnsiY3JlYXRlIjoyNzAwMDAwMDAwMDAwLCJkZWxldGUiOjI3MDAwMDAwMDAwMDAsInJlYWQiOjMwMDAwMDAwMDAwMCwidXBkYXRlIjoyNzAwMDAwMDAwMDAwfX0=",
          "dependencies": [
            "module.common.azurerm_storage_account.storage_account",
            "module.network.azurerm_subnet.subnet",
            "module.network.azurerm_virtual_network.vnet",
            "module.rgroup.azurerm_resource_group.resource_grp",
            "module.vmwindows.azurerm_availability_set.windows_avs",
            "module.vmwindows.azurerm_network_interface.network_interface",
            "module.vmwindows.azurerm_public_ip.public_ip"
          ]
        }
      ]
    }
  ],
  "check_results": null
}
